
Microsoft Visual Studio Solution File, Format Version 12.00
# Visual Studio Version 17
VisualStudioVersion = 17.9.34728.123
MinimumVisualStudioVersion = 10.0.40219.1
Project("{FAE04EC0-301F-11D3-BF4B-00C04F79EFBC}") = "Repository", "Repository\Repository.csproj", "{94E24CF6-0CE4-4F33-BA11-913401DA38AE}"
EndProject
Project("{FAE04EC0-301F-11D3-BF4B-00C04F79EFBC}") = "Services", "Services\Services.csproj", "{D9F587E3-425D-4081-8DA7-22B6A75532B3}"
EndProject
Project("{FAE04EC0-301F-11D3-BF4B-00C04F79EFBC}") = "Cafe_Web_App", "Cafe_Web_App\Cafe_Web_App.csproj", "{31426221-6036-455B-849E-FDA63837A8C4}"
EndProject
Global
	GlobalSection(SolutionConfigurationPlatforms) = preSolution
		Debug|Any CPU = Debug|Any CPU
		Release|Any CPU = Release|Any CPU
	EndGlobalSection
	GlobalSection(ProjectConfigurationPlatforms) = postSolution
		{94E24CF6-0CE4-4F33-BA11-913401DA38AE}.Debug|Any CPU.ActiveCfg = Debug|Any CPU
		{94E24CF6-0CE4-4F33-BA11-913401DA38AE}.Debug|Any CPU.Build.0 = Debug|Any CPU
		{94E24CF6-0CE4-4F33-BA11-913401DA38AE}.Release|Any CPU.ActiveCfg = Release|Any CPU
		{94E24CF6-0CE4-4F33-BA11-913401DA38AE}.Release|Any CPU.Build.0 = Release|Any CPU
		{D9F587E3-425D-4081-8DA7-22B6A75532B3}.Debug|Any CPU.ActiveCfg = Debug|Any CPU
		{D9F587E3-425D-4081-8DA7-22B6A75532B3}.Debug|Any CPU.Build.0 = Debug|Any CPU
		{D9F587E3-425D-4081-8DA7-22B6A75532B3}.Release|Any CPU.ActiveCfg = Release|Any CPU
		{D9F587E3-425D-4081-8DA7-22B6A75532B3}.Release|Any CPU.Build.0 = Release|Any CPU
		{31426221-6036-455B-849E-FDA63837A8C4}.Debug|Any CPU.ActiveCfg = Debug|Any CPU
		{31426221-6036-455B-849E-FDA63837A8C4}.Debug|Any CPU.Build.0 = Debug|Any CPU
		{31426221-6036-455B-849E-FDA63837A8C4}.Release|Any CPU.ActiveCfg = Release|Any CPU
		{31426221-6036-455B-849E-FDA63837A8C4}.Release|Any CPU.Build.0 = Release|Any CPU
	EndGlobalSection
	GlobalSection(SolutionProperties) = preSolution
		HideSolutionNode = FALSE
	EndGlobalSection
	GlobalSection(ExtensibilityGlobals) = postSolution
		SolutionGuid = {1CCC7006-A408-4292-98A7-C938BCED10F3}
	EndGlobalSection
EndGlobal
